# auto-generated by grc.converter

id: kiwisdr_kiwi_wav_source
label: kiwi_wav_source
category: '[kiwisdr]'

parameters:
-   id: filename
    label: File
    dtype: file_open

outputs:
-   domain: stream
    dtype: complex

templates:
    imports: import kiwisdr
    make: kiwisdr.kiwi_wav_source(${filename})

file_format: 1
